// !$*UTF8*$!
{
	archiveVersion = 1;
	classes = {
	};
	objectVersion = 55;
	objects = {

/* Begin PBXBuildFile section */
		B14CD47A2861CA0D002D79C9 /* MovieModel.swift in Sources */ = {isa = PBXBuildFile; fileRef = B14CD4792861CA0D002D79C9 /* MovieModel.swift */; };
		B1593F1428671851006085DB /* SearchResultsViewController.swift in Sources */ = {isa = PBXBuildFile; fileRef = B1593F1328671851006085DB /* SearchResultsViewController.swift */; };
		B1593F1728671C32006085DB /* SearchTableViewCell.swift in Sources */ = {isa = PBXBuildFile; fileRef = B1593F1628671C32006085DB /* SearchTableViewCell.swift */; };
		B1593F1B28678E8A006085DB /* DetailViewModel.swift in Sources */ = {isa = PBXBuildFile; fileRef = B1593F1A28678E8A006085DB /* DetailViewModel.swift */; };
		B1A9C03628631BFA00680773 /* MoviesCollectionViewCell.swift in Sources */ = {isa = PBXBuildFile; fileRef = B1A9C03528631BFA00680773 /* MoviesCollectionViewCell.swift */; };
		B1A9C0392863434F00680773 /* Kingfisher in Frameworks */ = {isa = PBXBuildFile; productRef = B1A9C0382863434F00680773 /* Kingfisher */; };
		B1A9C03B2863569900680773 /* SplashViewModel.swift in Sources */ = {isa = PBXBuildFile; fileRef = B1A9C03A2863569900680773 /* SplashViewModel.swift */; };
		B1A9C03D28635C0600680773 /* MovieService.swift in Sources */ = {isa = PBXBuildFile; fileRef = B1A9C03C28635C0600680773 /* MovieService.swift */; };
		B1BBC14D286C5E2F0086B6D1 /* CategoriesViewController.swift in Sources */ = {isa = PBXBuildFile; fileRef = B1BBC14C286C5E2F0086B6D1 /* CategoriesViewController.swift */; };
		B1BBC14F286C5E980086B6D1 /* CategoriesTableViewCell.swift in Sources */ = {isa = PBXBuildFile; fileRef = B1BBC14E286C5E980086B6D1 /* CategoriesTableViewCell.swift */; };
		B1F797202860925200E0C74C /* AppDelegate.swift in Sources */ = {isa = PBXBuildFile; fileRef = B1F7971F2860925200E0C74C /* AppDelegate.swift */; };
		B1F797222860925200E0C74C /* SceneDelegate.swift in Sources */ = {isa = PBXBuildFile; fileRef = B1F797212860925200E0C74C /* SceneDelegate.swift */; };
		B1F797242860925200E0C74C /* MainTabBarController.swift in Sources */ = {isa = PBXBuildFile; fileRef = B1F797232860925200E0C74C /* MainTabBarController.swift */; };
		B1F797292860925300E0C74C /* Assets.xcassets in Resources */ = {isa = PBXBuildFile; fileRef = B1F797282860925300E0C74C /* Assets.xcassets */; };
		B1F7972C2860925300E0C74C /* LaunchScreen.storyboard in Resources */ = {isa = PBXBuildFile; fileRef = B1F7972A2860925300E0C74C /* LaunchScreen.storyboard */; };
		B1F79739286093F300E0C74C /* HomeViewController.swift in Sources */ = {isa = PBXBuildFile; fileRef = B1F79738286093F300E0C74C /* HomeViewController.swift */; };
		B1F7973B286093FE00E0C74C /* DetailsViewController.swift in Sources */ = {isa = PBXBuildFile; fileRef = B1F7973A286093FE00E0C74C /* DetailsViewController.swift */; };
		B1F7973F2860941C00E0C74C /* BookmarksViewController.swift in Sources */ = {isa = PBXBuildFile; fileRef = B1F7973E2860941C00E0C74C /* BookmarksViewController.swift */; };
		B1F79741286099CC00E0C74C /* SplashScreenViewController.swift in Sources */ = {isa = PBXBuildFile; fileRef = B1F79740286099CC00E0C74C /* SplashScreenViewController.swift */; };
		B1F7974428609ABE00E0C74C /* SnapKit in Frameworks */ = {isa = PBXBuildFile; productRef = B1F7974328609ABE00E0C74C /* SnapKit */; };
		B1F797472860CD1900E0C74C /* CollectionViewTableViewCell.swift in Sources */ = {isa = PBXBuildFile; fileRef = B1F797462860CD1900E0C74C /* CollectionViewTableViewCell.swift */; };
		B1F797492860FFBD00E0C74C /* Constants.swift in Sources */ = {isa = PBXBuildFile; fileRef = B1F797482860FFBD00E0C74C /* Constants.swift */; };
/* End PBXBuildFile section */

/* Begin PBXFileReference section */
		B14CD4792861CA0D002D79C9 /* MovieModel.swift */ = {isa = PBXFileReference; lastKnownFileType = sourcecode.swift; path = MovieModel.swift; sourceTree = "<group>"; };
		B1593F1328671851006085DB /* SearchResultsViewController.swift */ = {isa = PBXFileReference; lastKnownFileType = sourcecode.swift; path = SearchResultsViewController.swift; sourceTree = "<group>"; };
		B1593F1628671C32006085DB /* SearchTableViewCell.swift */ = {isa = PBXFileReference; lastKnownFileType = sourcecode.swift; path = SearchTableViewCell.swift; sourceTree = "<group>"; };
		B1593F1A28678E8A006085DB /* DetailViewModel.swift */ = {isa = PBXFileReference; lastKnownFileType = sourcecode.swift; path = DetailViewModel.swift; sourceTree = "<group>"; };
		B1A9C03528631BFA00680773 /* MoviesCollectionViewCell.swift */ = {isa = PBXFileReference; lastKnownFileType = sourcecode.swift; path = MoviesCollectionViewCell.swift; sourceTree = "<group>"; };
		B1A9C03A2863569900680773 /* SplashViewModel.swift */ = {isa = PBXFileReference; lastKnownFileType = sourcecode.swift; path = SplashViewModel.swift; sourceTree = "<group>"; };
		B1A9C03C28635C0600680773 /* MovieService.swift */ = {isa = PBXFileReference; lastKnownFileType = sourcecode.swift; path = MovieService.swift; sourceTree = "<group>"; };
		B1BBC14C286C5E2F0086B6D1 /* CategoriesViewController.swift */ = {isa = PBXFileReference; lastKnownFileType = sourcecode.swift; path = CategoriesViewController.swift; sourceTree = "<group>"; };
		B1BBC14E286C5E980086B6D1 /* CategoriesTableViewCell.swift */ = {isa = PBXFileReference; lastKnownFileType = sourcecode.swift; path = CategoriesTableViewCell.swift; sourceTree = "<group>"; };
		B1F7971C2860925200E0C74C /* MovieListApp.app */ = {isa = PBXFileReference; explicitFileType = wrapper.application; includeInIndex = 0; path = MovieListApp.app; sourceTree = BUILT_PRODUCTS_DIR; };
		B1F7971F2860925200E0C74C /* AppDelegate.swift */ = {isa = PBXFileReference; lastKnownFileType = sourcecode.swift; path = AppDelegate.swift; sourceTree = "<group>"; };
		B1F797212860925200E0C74C /* SceneDelegate.swift */ = {isa = PBXFileReference; lastKnownFileType = sourcecode.swift; path = SceneDelegate.swift; sourceTree = "<group>"; };
		B1F797232860925200E0C74C /* MainTabBarController.swift */ = {isa = PBXFileReference; lastKnownFileType = sourcecode.swift; path = MainTabBarController.swift; sourceTree = "<group>"; };
		B1F797282860925300E0C74C /* Assets.xcassets */ = {isa = PBXFileReference; lastKnownFileType = folder.assetcatalog; path = Assets.xcassets; sourceTree = "<group>"; };
		B1F7972B2860925300E0C74C /* Base */ = {isa = PBXFileReference; lastKnownFileType = file.storyboard; name = Base; path = Base.lproj/LaunchScreen.storyboard; sourceTree = "<group>"; };
		B1F7972D2860925300E0C74C /* Info.plist */ = {isa = PBXFileReference; lastKnownFileType = text.plist.xml; path = Info.plist; sourceTree = "<group>"; };
		B1F79738286093F300E0C74C /* HomeViewController.swift */ = {isa = PBXFileReference; lastKnownFileType = sourcecode.swift; path = HomeViewController.swift; sourceTree = "<group>"; };
		B1F7973A286093FE00E0C74C /* DetailsViewController.swift */ = {isa = PBXFileReference; lastKnownFileType = sourcecode.swift; path = DetailsViewController.swift; sourceTree = "<group>"; };
		B1F7973E2860941C00E0C74C /* BookmarksViewController.swift */ = {isa = PBXFileReference; lastKnownFileType = sourcecode.swift; path = BookmarksViewController.swift; sourceTree = "<group>"; };
		B1F79740286099CC00E0C74C /* SplashScreenViewController.swift */ = {isa = PBXFileReference; lastKnownFileType = sourcecode.swift; path = SplashScreenViewController.swift; sourceTree = "<group>"; };
		B1F797462860CD1900E0C74C /* CollectionViewTableViewCell.swift */ = {isa = PBXFileReference; lastKnownFileType = sourcecode.swift; path = CollectionViewTableViewCell.swift; sourceTree = "<group>"; };
		B1F797482860FFBD00E0C74C /* Constants.swift */ = {isa = PBXFileReference; lastKnownFileType = sourcecode.swift; path = Constants.swift; sourceTree = "<group>"; };
/* End PBXFileReference section */

/* Begin PBXFrameworksBuildPhase section */
		B1F797192860925200E0C74C /* Frameworks */ = {
			isa = PBXFrameworksBuildPhase;
			buildActionMask = 2147483647;
			files = (
				B1A9C0392863434F00680773 /* Kingfisher in Frameworks */,
				B1F7974428609ABE00E0C74C /* SnapKit in Frameworks */,
			);
			runOnlyForDeploymentPostprocessing = 0;
		};
/* End PBXFrameworksBuildPhase section */

/* Begin PBXGroup section */
		B1078A27286B9B9700E08345 /* Categories */ = {
			isa = PBXGroup;
			children = (
				B1BBC14E286C5E980086B6D1 /* CategoriesTableViewCell.swift */,
				B1BBC14C286C5E2F0086B6D1 /* CategoriesViewController.swift */,
			);
			path = Categories;
			sourceTree = "<group>";
		};
		B1593F1828678E50006085DB /* Screens */ = {
			isa = PBXGroup;
			children = (
				B1593F1C28686AEA006085DB /* Splash */,
				B1593F1D28686B06006085DB /* Home */,
				B1593F1928678E69006085DB /* Detail */,
				B1593F1E28686B0F006085DB /* Bookmarks */,
				B1593F2328686C3E006085DB /* MainTabBar */,
			);
			path = Screens;
			sourceTree = "<group>";
		};
		B1593F1928678E69006085DB /* Detail */ = {
			isa = PBXGroup;
			children = (
				B1593F1A28678E8A006085DB /* DetailViewModel.swift */,
				B1F7973A286093FE00E0C74C /* DetailsViewController.swift */,
			);
			path = Detail;
			sourceTree = "<group>";
		};
		B1593F1C28686AEA006085DB /* Splash */ = {
			isa = PBXGroup;
			children = (
				B1A9C03A2863569900680773 /* SplashViewModel.swift */,
				B1F79740286099CC00E0C74C /* SplashScreenViewController.swift */,
			);
			path = Splash;
			sourceTree = "<group>";
		};
		B1593F1D28686B06006085DB /* Home */ = {
			isa = PBXGroup;
			children = (
				B1F797462860CD1900E0C74C /* CollectionViewTableViewCell.swift */,
				B1A9C03528631BFA00680773 /* MoviesCollectionViewCell.swift */,
				B1F79738286093F300E0C74C /* HomeViewController.swift */,
				B1593F2428686CC6006085DB /* Search */,
				B1078A27286B9B9700E08345 /* Categories */,
			);
			path = Home;
			sourceTree = "<group>";
		};
		B1593F1E28686B0F006085DB /* Bookmarks */ = {
			isa = PBXGroup;
			children = (
				B1F7973E2860941C00E0C74C /* BookmarksViewController.swift */,
			);
			path = Bookmarks;
			sourceTree = "<group>";
		};
		B1593F2328686C3E006085DB /* MainTabBar */ = {
			isa = PBXGroup;
			children = (
				B1F797232860925200E0C74C /* MainTabBarController.swift */,
			);
			path = MainTabBar;
			sourceTree = "<group>";
		};
		B1593F2428686CC6006085DB /* Search */ = {
			isa = PBXGroup;
			children = (
				B1593F1328671851006085DB /* SearchResultsViewController.swift */,
				B1593F1628671C32006085DB /* SearchTableViewCell.swift */,
			);
			path = Search;
			sourceTree = "<group>";
		};
		B1F797132860925200E0C74C = {
			isa = PBXGroup;
			children = (
				B1F7971E2860925200E0C74C /* MovieListApp */,
				B1F7971D2860925200E0C74C /* Products */,
			);
			sourceTree = "<group>";
		};
		B1F7971D2860925200E0C74C /* Products */ = {
			isa = PBXGroup;
			children = (
				B1F7971C2860925200E0C74C /* MovieListApp.app */,
			);
			name = Products;
			sourceTree = "<group>";
		};
		B1F7971E2860925200E0C74C /* MovieListApp */ = {
			isa = PBXGroup;
			children = (
				B1F797452860B87500E0C74C /* Network */,
				B1F79734286093AD00E0C74C /* Model */,
				B1593F1828678E50006085DB /* Screens */,
				B1F797332860926B00E0C74C /* Core */,
				B1F7972D2860925300E0C74C /* Info.plist */,
			);
			path = MovieListApp;
			sourceTree = "<group>";
		};
		B1F797332860926B00E0C74C /* Core */ = {
			isa = PBXGroup;
			children = (
				B1F7971F2860925200E0C74C /* AppDelegate.swift */,
				B1F797212860925200E0C74C /* SceneDelegate.swift */,
				B1F797282860925300E0C74C /* Assets.xcassets */,
				B1F7972A2860925300E0C74C /* LaunchScreen.storyboard */,
			);
			path = Core;
			sourceTree = "<group>";
		};
		B1F79734286093AD00E0C74C /* Model */ = {
			isa = PBXGroup;
			children = (
				B14CD4792861CA0D002D79C9 /* MovieModel.swift */,
			);
			path = Model;
			sourceTree = "<group>";
		};
		B1F797452860B87500E0C74C /* Network */ = {
			isa = PBXGroup;
			children = (
				B1F797482860FFBD00E0C74C /* Constants.swift */,
				B1A9C03C28635C0600680773 /* MovieService.swift */,
			);
			path = Network;
			sourceTree = "<group>";
		};
/* End PBXGroup section */

/* Begin PBXNativeTarget section */
		B1F7971B2860925200E0C74C /* MovieListApp */ = {
			isa = PBXNativeTarget;
			buildConfigurationList = B1F797302860925300E0C74C /* Build configuration list for PBXNativeTarget "MovieListApp" */;
			buildPhases = (
				B1F797182860925200E0C74C /* Sources */,
				B1F797192860925200E0C74C /* Frameworks */,
				B1F7971A2860925200E0C74C /* Resources */,
			);
			buildRules = (
			);
			dependencies = (
			);
			name = MovieListApp;
			packageProductDependencies = (
				B1F7974328609ABE00E0C74C /* SnapKit */,
				B1A9C0382863434F00680773 /* Kingfisher */,
			);
			productName = MovieListApp;
			productReference = B1F7971C2860925200E0C74C /* MovieListApp.app */;
			productType = "com.apple.product-type.application";
		};
/* End PBXNativeTarget section */

/* Begin PBXProject section */
		B1F797142860925200E0C74C /* Project object */ = {
			isa = PBXProject;
			attributes = {
				BuildIndependentTargetsInParallel = 1;
				LastSwiftUpdateCheck = 1340;
				LastUpgradeCheck = 1340;
				TargetAttributes = {
					B1F7971B2860925200E0C74C = {
						CreatedOnToolsVersion = 13.4.1;
					};
				};
			};
			buildConfigurationList = B1F797172860925200E0C74C /* Build configuration list for PBXProject "MovieListApp" */;
			compatibilityVersion = "Xcode 13.0";
			developmentRegion = en;
			hasScannedForEncodings = 0;
			knownRegions = (
				en,
				Base,
			);
			mainGroup = B1F797132860925200E0C74C;
			packageReferences = (
				B1F7974228609ABE00E0C74C /* XCRemoteSwiftPackageReference "SnapKit" */,
				B1A9C0372863434F00680773 /* XCRemoteSwiftPackageReference "Kingfisher" */,
			);
			productRefGroup = B1F7971D2860925200E0C74C /* Products */;
			projectDirPath = "";
			projectRoot = "";
			targets = (
				B1F7971B2860925200E0C74C /* MovieListApp */,
			);
		};
/* End PBXProject section */

/* Begin PBXResourcesBuildPhase section */
		B1F7971A2860925200E0C74C /* Resources */ = {
			isa = PBXResourcesBuildPhase;
			buildActionMask = 2147483647;
			files = (
				B1F7972C2860925300E0C74C /* LaunchScreen.storyboard in Resources */,
				B1F797292860925300E0C74C /* Assets.xcassets in Resources */,
			);
			runOnlyForDeploymentPostprocessing = 0;
		};
/* End PBXResourcesBuildPhase section */

/* Begin PBXSourcesBuildPhase section */
		B1F797182860925200E0C74C /* Sources */ = {
			isa = PBXSourcesBuildPhase;
			buildActionMask = 2147483647;
			files = (
				B1F7973F2860941C00E0C74C /* BookmarksViewController.swift in Sources */,
				B1F797242860925200E0C74C /* MainTabBarController.swift in Sources */,
				B1A9C03628631BFA00680773 /* MoviesCollectionViewCell.swift in Sources */,
				B1A9C03B2863569900680773 /* SplashViewModel.swift in Sources */,
				B1A9C03D28635C0600680773 /* MovieService.swift in Sources */,
				B1BBC14D286C5E2F0086B6D1 /* CategoriesViewController.swift in Sources */,
				B1593F1428671851006085DB /* SearchResultsViewController.swift in Sources */,
				B1F797472860CD1900E0C74C /* CollectionViewTableViewCell.swift in Sources */,
				B1F79741286099CC00E0C74C /* SplashScreenViewController.swift in Sources */,
				B1F797202860925200E0C74C /* AppDelegate.swift in Sources */,
				B1593F1728671C32006085DB /* SearchTableViewCell.swift in Sources */,
				B1BBC14F286C5E980086B6D1 /* CategoriesTableViewCell.swift in Sources */,
				B14CD47A2861CA0D002D79C9 /* MovieModel.swift in Sources */,
				B1F797222860925200E0C74C /* SceneDelegate.swift in Sources */,
				B1F797492860FFBD00E0C74C /* Constants.swift in Sources */,
				B1F79739286093F300E0C74C /* HomeViewController.swift in Sources */,
				B1F7973B286093FE00E0C74C /* DetailsViewController.swift in Sources */,
				B1593F1B28678E8A006085DB /* DetailViewModel.swift in Sources */,
			);
			runOnlyForDeploymentPostprocessing = 0;
		};
/* End PBXSourcesBuildPhase section */

/* Begin PBXVariantGroup section */
		B1F7972A2860925300E0C74C /* LaunchScreen.storyboard */ = {
			isa = PBXVariantGroup;
			children = (
				B1F7972B2860925300E0C74C /* Base */,
			);
			name = LaunchScreen.storyboard;
			sourceTree = "<group>";
		};
/* End PBXVariantGroup section */

/* Begin XCBuildConfiguration section */
		B1F7972E2860925300E0C74C /* Debug */ = {
			isa = XCBuildConfiguration;
			buildSettings = {
				ALWAYS_SEARCH_USER_PATHS = NO;
				CLANG_ANALYZER_NONNULL = YES;
				CLANG_ANALYZER_NUMBER_OBJECT_CONVERSION = YES_AGGRESSIVE;
				CLANG_CXX_LANGUAGE_STANDARD = "gnu++17";
				CLANG_ENABLE_MODULES = YES;
				CLANG_ENABLE_OBJC_ARC = YES;
				CLANG_ENABLE_OBJC_WEAK = YES;
				CLANG_WARN_BLOCK_CAPTURE_AUTORELEASING = YES;
				CLANG_WARN_BOOL_CONVERSION = YES;
				CLANG_WARN_COMMA = YES;
				CLANG_WARN_CONSTANT_CONVERSION = YES;
				CLANG_WARN_DEPRECATED_OBJC_IMPLEMENTATIONS = YES;
				CLANG_WARN_DIRECT_OBJC_ISA_USAGE = YES_ERROR;
				CLANG_WARN_DOCUMENTATION_COMMENTS = YES;
				CLANG_WARN_EMPTY_BODY = YES;
				CLANG_WARN_ENUM_CONVERSION = YES;
				CLANG_WARN_INFINITE_RECURSION = YES;
				CLANG_WARN_INT_CONVERSION = YES;
				CLANG_WARN_NON_LITERAL_NULL_CONVERSION = YES;
				CLANG_WARN_OBJC_IMPLICIT_RETAIN_SELF = YES;
				CLANG_WARN_OBJC_LITERAL_CONVERSION = YES;
				CLANG_WARN_OBJC_ROOT_CLASS = YES_ERROR;
				CLANG_WARN_QUOTED_INCLUDE_IN_FRAMEWORK_HEADER = YES;
				CLANG_WARN_RANGE_LOOP_ANALYSIS = YES;
				CLANG_WARN_STRICT_PROTOTYPES = YES;
				CLANG_WARN_SUSPICIOUS_MOVE = YES;
				CLANG_WARN_UNGUARDED_AVAILABILITY = YES_AGGRESSIVE;
				CLANG_WARN_UNREACHABLE_CODE = YES;
				CLANG_WARN__DUPLICATE_METHOD_MATCH = YES;
				COPY_PHASE_STRIP = NO;
				DEBUG_INFORMATION_FORMAT = dwarf;
				ENABLE_STRICT_OBJC_MSGSEND = YES;
				ENABLE_TESTABILITY = YES;
				GCC_C_LANGUAGE_STANDARD = gnu11;
				GCC_DYNAMIC_NO_PIC = NO;
				GCC_NO_COMMON_BLOCKS = YES;
				GCC_OPTIMIZATION_LEVEL = 0;
				GCC_PREPROCESSOR_DEFINITIONS = (
					"DEBUG=1",
					"$(inherited)",
				);
				GCC_WARN_64_TO_32_BIT_CONVERSION = YES;
				GCC_WARN_ABOUT_RETURN_TYPE = YES_ERROR;
				GCC_WARN_UNDECLARED_SELECTOR = YES;
				GCC_WARN_UNINITIALIZED_AUTOS = YES_AGGRESSIVE;
				GCC_WARN_UNUSED_FUNCTION = YES;
				GCC_WARN_UNUSED_VARIABLE = YES;
				IPHONEOS_DEPLOYMENT_TARGET = 15.5;
				MTL_ENABLE_DEBUG_INFO = INCLUDE_SOURCE;
				MTL_FAST_MATH = YES;
				ONLY_ACTIVE_ARCH = YES;
				SDKROOT = iphoneos;
				SWIFT_ACTIVE_COMPILATION_CONDITIONS = DEBUG;
				SWIFT_OPTIMIZATION_LEVEL = "-Onone";
			};
			name = Debug;
		};
		B1F7972F2860925300E0C74C /* Release */ = {
			isa = XCBuildConfiguration;
			buildSettings = {
				ALWAYS_SEARCH_USER_PATHS = NO;
				CLANG_ANALYZER_NONNULL = YES;
				CLANG_ANALYZER_NUMBER_OBJECT_CONVERSION = YES_AGGRESSIVE;
				CLANG_CXX_LANGUAGE_STANDARD = "gnu++17";
				CLANG_ENABLE_MODULES = YES;
				CLANG_ENABLE_OBJC_ARC = YES;
				CLANG_ENABLE_OBJC_WEAK = YES;
				CLANG_WARN_BLOCK_CAPTURE_AUTORELEASING = YES;
				CLANG_WARN_BOOL_CONVERSION = YES;
				CLANG_WARN_COMMA = YES;
				CLANG_WARN_CONSTANT_CONVERSION = YES;
				CLANG_WARN_DEPRECATED_OBJC_IMPLEMENTATIONS = YES;
				CLANG_WARN_DIRECT_OBJC_ISA_USAGE = YES_ERROR;
				CLANG_WARN_DOCUMENTATION_COMMENTS = YES;
				CLANG_WARN_EMPTY_BODY = YES;
				CLANG_WARN_ENUM_CONVERSION = YES;
				CLANG_WARN_INFINITE_RECURSION = YES;
				CLANG_WARN_INT_CONVERSION = YES;
				CLANG_WARN_NON_LITERAL_NULL_CONVERSION = YES;
				CLANG_WARN_OBJC_IMPLICIT_RETAIN_SELF = YES;
				CLANG_WARN_OBJC_LITERAL_CONVERSION = YES;
				CLANG_WARN_OBJC_ROOT_CLASS = YES_ERROR;
				CLANG_WARN_QUOTED_INCLUDE_IN_FRAMEWORK_HEADER = YES;
				CLANG_WARN_RANGE_LOOP_ANALYSIS = YES;
				CLANG_WARN_STRICT_PROTOTYPES = YES;
				CLANG_WARN_SUSPICIOUS_MOVE = YES;
				CLANG_WARN_UNGUARDED_AVAILABILITY = YES_AGGRESSIVE;
				CLANG_WARN_UNREACHABLE_CODE = YES;
				CLANG_WARN__DUPLICATE_METHOD_MATCH = YES;
				COPY_PHASE_STRIP = NO;
				DEBUG_INFORMATION_FORMAT = "dwarf-with-dsym";
				ENABLE_NS_ASSERTIONS = NO;
				ENABLE_STRICT_OBJC_MSGSEND = YES;
				GCC_C_LANGUAGE_STANDARD = gnu11;
				GCC_NO_COMMON_BLOCKS = YES;
				GCC_WARN_64_TO_32_BIT_CONVERSION = YES;
				GCC_WARN_ABOUT_RETURN_TYPE = YES_ERROR;
				GCC_WARN_UNDECLARED_SELECTOR = YES;
				GCC_WARN_UNINITIALIZED_AUTOS = YES_AGGRESSIVE;
				GCC_WARN_UNUSED_FUNCTION = YES;
				GCC_WARN_UNUSED_VARIABLE = YES;
				IPHONEOS_DEPLOYMENT_TARGET = 15.5;
				MTL_ENABLE_DEBUG_INFO = NO;
				MTL_FAST_MATH = YES;
				SDKROOT = iphoneos;
				SWIFT_COMPILATION_MODE = wholemodule;
				SWIFT_OPTIMIZATION_LEVEL = "-O";
				VALIDATE_PRODUCT = YES;
			};
			name = Release;
		};
		B1F797312860925300E0C74C /* Debug */ = {
			isa = XCBuildConfiguration;
			buildSettings = {
				ASSETCATALOG_COMPILER_APPICON_NAME = AppIcon;
				ASSETCATALOG_COMPILER_GLOBAL_ACCENT_COLOR_NAME = AccentColor;
				CODE_SIGN_STYLE = Automatic;
				CURRENT_PROJECT_VERSION = 1;
				DEVELOPMENT_TEAM = QQ4V82589Y;
				GENERATE_INFOPLIST_FILE = YES;
				INFOPLIST_FILE = MovieListApp/Info.plist;
				INFOPLIST_KEY_UIApplicationSupportsIndirectInputEvents = YES;
				INFOPLIST_KEY_UILaunchStoryboardName = LaunchScreen;
				INFOPLIST_KEY_UISupportedInterfaceOrientations = UIInterfaceOrientationPortrait;
				INFOPLIST_KEY_UISupportedInterfaceOrientations_iPad = "UIInterfaceOrientationPortrait UIInterfaceOrientationPortraitUpsideDown UIInterfaceOrientationLandscapeLeft UIInterfaceOrientationLandscapeRight";
				INFOPLIST_KEY_UISupportedInterfaceOrientations_iPhone = "UIInterfaceOrientationPortrait UIInterfaceOrientationLandscapeLeft UIInterfaceOrientationLandscapeRight";
				IPHONEOS_DEPLOYMENT_TARGET = 14.0;
				LD_RUNPATH_SEARCH_PATHS = (
					"$(inherited)",
					"@executable_path/Frameworks",
				);
				MARKETING_VERSION = 0.1.0;
				PRODUCT_BUNDLE_IDENTIFIER = com.berkaysancar.MovieListApp;
				PRODUCT_NAME = "$(TARGET_NAME)";
				SWIFT_EMIT_LOC_STRINGS = YES;
				SWIFT_VERSION = 5.0;
				TARGETED_DEVICE_FAMILY = 1;
			};
			name = Debug;
		};
		B1F797322860925300E0C74C /* Release */ = {
			isa = XCBuildConfiguration;
			buildSettings = {
				ASSETCATALOG_COMPILER_APPICON_NAME = AppIcon;
				ASSETCATALOG_COMPILER_GLOBAL_ACCENT_COLOR_NAME = AccentColor;
				CODE_SIGN_STYLE = Automatic;
				CURRENT_PROJECT_VERSION = 1;
				DEVELOPMENT_TEAM = QQ4V82589Y;
				GENERATE_INFOPLIST_FILE = YES;
				INFOPLIST_FILE = MovieListApp/Info.plist;
				INFOPLIST_KEY_UIApplicationSupportsIndirectInputEvents = YES;
				INFOPLIST_KEY_UILaunchStoryboardName = LaunchScreen;
				INFOPLIST_KEY_UISupportedInterfaceOrientations = UIInterfaceOrientationPortrait;
				INFOPLIST_KEY_UISupportedInterfaceOrientations_iPad = "UIInterfaceOrientationPortrait UIInterfaceOrientationPortraitUpsideDown UIInterfaceOrientationLandscapeLeft UIInterfaceOrientationLandscapeRight";
				INFOPLIST_KEY_UISupportedInterfaceOrientations_iPhone = "UIInterfaceOrientationPortrait UIInterfaceOrientationLandscapeLeft UIInterfaceOrientationLandscapeRight";
				IPHONEOS_DEPLOYMENT_TARGET = 14.0;
				LD_RUNPATH_SEARCH_PATHS = (
					"$(inherited)",
					"@executable_path/Frameworks",
				);
				MARKETING_VERSION = 0.1.0;
				PRODUCT_BUNDLE_IDENTIFIER = com.berkaysancar.MovieListApp;
				PRODUCT_NAME = "$(TARGET_NAME)";
				SWIFT_EMIT_LOC_STRINGS = YES;
				SWIFT_VERSION = 5.0;
				TARGETED_DEVICE_FAMILY = 1;
			};
			name = Release;
		};
/* End XCBuildConfiguration section */

/* Begin XCConfigurationList section */
		B1F797172860925200E0C74C /* Build configuration list for PBXProject "MovieListApp" */ = {
			isa = XCConfigurationList;
			buildConfigurations = (
				B1F7972E2860925300E0C74C /* Debug */,
				B1F7972F2860925300E0C74C /* Release */,
			);
			defaultConfigurationIsVisible = 0;
			defaultConfigurationName = Release;
		};
		B1F797302860925300E0C74C /* Build configuration list for PBXNativeTarget "MovieListApp" */ = {
			isa = XCConfigurationList;
			buildConfigurations = (
				B1F797312860925300E0C74C /* Debug */,
				B1F797322860925300E0C74C /* Release */,
			);
			defaultConfigurationIsVisible = 0;
			defaultConfigurationName = Release;
		};
/* End XCConfigurationList section */

/* Begin XCRemoteSwiftPackageReference section */
		B1A9C0372863434F00680773 /* XCRemoteSwiftPackageReference "Kingfisher" */ = {
			isa = XCRemoteSwiftPackageReference;
			repositoryURL = "https://github.com/onevcat/Kingfisher.git";
			requirement = {
				kind = upToNextMajorVersion;
				minimumVersion = 7.0.0;
			};
		};
		B1F7974228609ABE00E0C74C /* XCRemoteSwiftPackageReference "SnapKit" */ = {
			isa = XCRemoteSwiftPackageReference;
			repositoryURL = "https://github.com/SnapKit/SnapKit.git";
			requirement = {
				branch = develop;
				kind = branch;
			};
		};
/* End XCRemoteSwiftPackageReference section */

/* Begin XCSwiftPackageProductDependency section */
		B1A9C0382863434F00680773 /* Kingfisher */ = {
			isa = XCSwiftPackageProductDependency;
			package = B1A9C0372863434F00680773 /* XCRemoteSwiftPackageReference "Kingfisher" */;
			productName = Kingfisher;
		};
		B1F7974328609ABE00E0C74C /* SnapKit */ = {
			isa = XCSwiftPackageProductDependency;
			package = B1F7974228609ABE00E0C74C /* XCRemoteSwiftPackageReference "SnapKit" */;
			productName = SnapKit;
		};
/* End XCSwiftPackageProductDependency section */
	};
	rootObject = B1F797142860925200E0C74C /* Project object */;
}
